{
  "name": "typescript-generation-error",
  "version": "1.0.0",
  "lockfileVersion": 1,
  "requires": true,
  "dependencies": {
    "typescript": {
      "version": "4.1.0-dev.20201001",
      "resolved": "https://npmjs.vf.ion2s.local/typescript/-/typescript-4.1.0-dev.20201001.tgz",
      "integrity": "sha512-hdZb0l3ghvXxDiXy7l5FOoI8UHx002S0EgSKFbQWYQOjykE76Oq9A1NCqdJwz9jqUawQTgsNUJYKomnSD4jRgw==",
      "dev": true
    }
  }
}
